// !$*UTF8*$!
{
	archiveVersion = 1;
	classes = {
	};
	objectVersion = 50;
	objects = {

/* Begin PBXBuildFile section */
		F831C75725214FC7007A398F /* ToDoDetailTableViewController.swift in Sources */ = {isa = PBXBuildFile; fileRef = F831C75625214FC7007A398F /* ToDoDetailTableViewController.swift */; };
		F8ADE5F5251FEDA800D95D83 /* AppDelegate.swift in Sources */ = {isa = PBXBuildFile; fileRef = F8ADE5F4251FEDA800D95D83 /* AppDelegate.swift */; };
		F8ADE5F7251FEDA800D95D83 /* SceneDelegate.swift in Sources */ = {isa = PBXBuildFile; fileRef = F8ADE5F6251FEDA800D95D83 /* SceneDelegate.swift */; };
		F8ADE5F9251FEDA800D95D83 /* ToDoListViewController.swift in Sources */ = {isa = PBXBuildFile; fileRef = F8ADE5F8251FEDA800D95D83 /* ToDoListViewController.swift */; };
		F8ADE5FC251FEDA800D95D83 /* Main.storyboard in Resources */ = {isa = PBXBuildFile; fileRef = F8ADE5FA251FEDA800D95D83 /* Main.storyboard */; };
		F8ADE5FE251FEDA900D95D83 /* Assets.xcassets in Resources */ = {isa = PBXBuildFile; fileRef = F8ADE5FD251FEDA900D95D83 /* Assets.xcassets */; };
		F8ADE601251FEDA900D95D83 /* LaunchScreen.storyboard in Resources */ = {isa = PBXBuildFile; fileRef = F8ADE5FF251FEDA900D95D83 /* LaunchScreen.storyboard */; };
		F8ADE60C251FEDA900D95D83 /* To_Do_ListTests.swift in Sources */ = {isa = PBXBuildFile; fileRef = F8ADE60B251FEDA900D95D83 /* To_Do_ListTests.swift */; };
		F8ADE617251FEDA900D95D83 /* To_Do_ListUITests.swift in Sources */ = {isa = PBXBuildFile; fileRef = F8ADE616251FEDA900D95D83 /* To_Do_ListUITests.swift */; };
/* End PBXBuildFile section */

/* Begin PBXContainerItemProxy section */
		F8ADE608251FEDA900D95D83 /* PBXContainerItemProxy */ = {
			isa = PBXContainerItemProxy;
			containerPortal = F8ADE5E9251FEDA800D95D83 /* Project object */;
			proxyType = 1;
			remoteGlobalIDString = F8ADE5F0251FEDA800D95D83;
			remoteInfo = "To Do List";
		};
		F8ADE613251FEDA900D95D83 /* PBXContainerItemProxy */ = {
			isa = PBXContainerItemProxy;
			containerPortal = F8ADE5E9251FEDA800D95D83 /* Project object */;
			proxyType = 1;
			remoteGlobalIDString = F8ADE5F0251FEDA800D95D83;
			remoteInfo = "To Do List";
		};
/* End PBXContainerItemProxy section */

/* Begin PBXFileReference section */
		F831C75625214FC7007A398F /* ToDoDetailTableViewController.swift */ = {isa = PBXFileReference; lastKnownFileType = sourcecode.swift; path = ToDoDetailTableViewController.swift; sourceTree = "<group>"; };
		F8ADE5F1251FEDA800D95D83 /* To Do List.app */ = {isa = PBXFileReference; explicitFileType = wrapper.application; includeInIndex = 0; path = "To Do List.app"; sourceTree = BUILT_PRODUCTS_DIR; };
		F8ADE5F4251FEDA800D95D83 /* AppDelegate.swift */ = {isa = PBXFileReference; lastKnownFileType = sourcecode.swift; path = AppDelegate.swift; sourceTree = "<group>"; };
		F8ADE5F6251FEDA800D95D83 /* SceneDelegate.swift */ = {isa = PBXFileReference; lastKnownFileType = sourcecode.swift; path = SceneDelegate.swift; sourceTree = "<group>"; };
		F8ADE5F8251FEDA800D95D83 /* ToDoListViewController.swift */ = {isa = PBXFileReference; lastKnownFileType = sourcecode.swift; path = ToDoListViewController.swift; sourceTree = "<group>"; };
		F8ADE5FB251FEDA800D95D83 /* Base */ = {isa = PBXFileReference; lastKnownFileType = file.storyboard; name = Base; path = Base.lproj/Main.storyboard; sourceTree = "<group>"; };
		F8ADE5FD251FEDA900D95D83 /* Assets.xcassets */ = {isa = PBXFileReference; lastKnownFileType = folder.assetcatalog; path = Assets.xcassets; sourceTree = "<group>"; };
		F8ADE600251FEDA900D95D83 /* Base */ = {isa = PBXFileReference; lastKnownFileType = file.storyboard; name = Base; path = Base.lproj/LaunchScreen.storyboard; sourceTree = "<group>"; };
		F8ADE602251FEDA900D95D83 /* Info.plist */ = {isa = PBXFileReference; lastKnownFileType = text.plist.xml; path = Info.plist; sourceTree = "<group>"; };
		F8ADE607251FEDA900D95D83 /* To Do ListTests.xctest */ = {isa = PBXFileReference; explicitFileType = wrapper.cfbundle; includeInIndex = 0; path = "To Do ListTests.xctest"; sourceTree = BUILT_PRODUCTS_DIR; };
		F8ADE60B251FEDA900D95D83 /* To_Do_ListTests.swift */ = {isa = PBXFileReference; lastKnownFileType = sourcecode.swift; path = To_Do_ListTests.swift; sourceTree = "<group>"; };
		F8ADE60D251FEDA900D95D83 /* Info.plist */ = {isa = PBXFileReference; lastKnownFileType = text.plist.xml; path = Info.plist; sourceTree = "<group>"; };
		F8ADE612251FEDA900D95D83 /* To Do ListUITests.xctest */ = {isa = PBXFileReference; explicitFileType = wrapper.cfbundle; includeInIndex = 0; path = "To Do ListUITests.xctest"; sourceTree = BUILT_PRODUCTS_DIR; };
		F8ADE616251FEDA900D95D83 /* To_Do_ListUITests.swift */ = {isa = PBXFileReference; lastKnownFileType = sourcecode.swift; path = To_Do_ListUITests.swift; sourceTree = "<group>"; };
		F8ADE618251FEDA900D95D83 /* Info.plist */ = {isa = PBXFileReference; lastKnownFileType = text.plist.xml; path = Info.plist; sourceTree = "<group>"; };
/* End PBXFileReference section */

/* Begin PBXFrameworksBuildPhase section */
		F8ADE5EE251FEDA800D95D83 /* Frameworks */ = {
			isa = PBXFrameworksBuildPhase;
			buildActionMask = 2147483647;
			files = (
			);
			runOnlyForDeploymentPostprocessing = 0;
		};
		F8ADE604251FEDA900D95D83 /* Frameworks */ = {
			isa = PBXFrameworksBuildPhase;
			buildActionMask = 2147483647;
			files = (
			);
			runOnlyForDeploymentPostprocessing = 0;
		};
		F8ADE60F251FEDA900D95D83 /* Frameworks */ = {
			isa = PBXFrameworksBuildPhase;
			buildActionMask = 2147483647;
			files = (
			);
			runOnlyForDeploymentPostprocessing = 0;
		};
/* End PBXFrameworksBuildPhase section */

/* Begin PBXGroup section */
		F8ADE5E8251FEDA800D95D83 = {
			isa = PBXGroup;
			children = (
				F8ADE5F3251FEDA800D95D83 /* To Do List */,
				F8ADE60A251FEDA900D95D83 /* To Do ListTests */,
				F8ADE615251FEDA900D95D83 /* To Do ListUITests */,
				F8ADE5F2251FEDA800D95D83 /* Products */,
			);
			sourceTree = "<group>";
		};
		F8ADE5F2251FEDA800D95D83 /* Products */ = {
			isa = PBXGroup;
			children = (
				F8ADE5F1251FEDA800D95D83 /* To Do List.app */,
				F8ADE607251FEDA900D95D83 /* To Do ListTests.xctest */,
				F8ADE612251FEDA900D95D83 /* To Do ListUITests.xctest */,
			);
			name = Products;
			sourceTree = "<group>";
		};
		F8ADE5F3251FEDA800D95D83 /* To Do List */ = {
			isa = PBXGroup;
			children = (
				F8ADE5F4251FEDA800D95D83 /* AppDelegate.swift */,
				F8ADE5F6251FEDA800D95D83 /* SceneDelegate.swift */,
				F8ADE5F8251FEDA800D95D83 /* ToDoListViewController.swift */,
				F831C75625214FC7007A398F /* ToDoDetailTableViewController.swift */,
				F8ADE5FA251FEDA800D95D83 /* Main.storyboard */,
				F8ADE5FD251FEDA900D95D83 /* Assets.xcassets */,
				F8ADE5FF251FEDA900D95D83 /* LaunchScreen.storyboard */,
				F8ADE602251FEDA900D95D83 /* Info.plist */,
			);
			path = "To Do List";
			sourceTree = "<group>";
		};
		F8ADE60A251FEDA900D95D83 /* To Do ListTests */ = {
			isa = PBXGroup;
			children = (
				F8ADE60B251FEDA900D95D83 /* To_Do_ListTests.swift */,
				F8ADE60D251FEDA900D95D83 /* Info.plist */,
			);
			path = "To Do ListTests";
			sourceTree = "<group>";
		};
		F8ADE615251FEDA900D95D83 /* To Do ListUITests */ = {
			isa = PBXGroup;
			children = (
				F8ADE616251FEDA900D95D83 /* To_Do_ListUITests.swift */,
				F8ADE618251FEDA900D95D83 /* Info.plist */,
			);
			path = "To Do ListUITests";
			sourceTree = "<group>";
		};
/* End PBXGroup section */

/* Begin PBXNativeTarget section */
		F8ADE5F0251FEDA800D95D83 /* To Do List */ = {
			isa = PBXNativeTarget;
			buildConfigurationList = F8ADE61B251FEDA900D95D83 /* Build configuration list for PBXNativeTarget "To Do List" */;
			buildPhases = (
				F8ADE5ED251FEDA800D95D83 /* Sources */,
				F8ADE5EE251FEDA800D95D83 /* Frameworks */,
				F8ADE5EF251FEDA800D95D83 /* Resources */,
			);
			buildRules = (
			);
			dependencies = (
			);
			name = "To Do List";
			productName = "To Do List";
			productReference = F8ADE5F1251FEDA800D95D83 /* To Do List.app */;
			productType = "com.apple.product-type.application";
		};
		F8ADE606251FEDA900D95D83 /* To Do ListTests */ = {
			isa = PBXNativeTarget;
			buildConfigurationList = F8ADE61E251FEDA900D95D83 /* Build configuration list for PBXNativeTarget "To Do ListTests" */;
			buildPhases = (
				F8ADE603251FEDA900D95D83 /* Sources */,
				F8ADE604251FEDA900D95D83 /* Frameworks */,
				F8ADE605251FEDA900D95D83 /* Resources */,
			);
			buildRules = (
			);
			dependencies = (
				F8ADE609251FEDA900D95D83 /* PBXTargetDependency */,
			);
			name = "To Do ListTests";
			productName = "To Do ListTests";
			productReference = F8ADE607251FEDA900D95D83 /* To Do ListTests.xctest */;
			productType = "com.apple.product-type.bundle.unit-test";
		};
		F8ADE611251FEDA900D95D83 /* To Do ListUITests */ = {
			isa = PBXNativeTarget;
			buildConfigurationList = F8ADE621251FEDA900D95D83 /* Build configuration list for PBXNativeTarget "To Do ListUITests" */;
			buildPhases = (
				F8ADE60E251FEDA900D95D83 /* Sources */,
				F8ADE60F251FEDA900D95D83 /* Frameworks */,
				F8ADE610251FEDA900D95D83 /* Resources */,
			);
			buildRules = (
			);
			dependencies = (
				F8ADE614251FEDA900D95D83 /* PBXTargetDependency */,
			);
			name = "To Do ListUITests";
			productName = "To Do ListUITests";
			productReference = F8ADE612251FEDA900D95D83 /* To Do ListUITests.xctest */;
			productType = "com.apple.product-type.bundle.ui-testing";
		};
/* End PBXNativeTarget section */

/* Begin PBXProject section */
		F8ADE5E9251FEDA800D95D83 /* Project object */ = {
			isa = PBXProject;
			attributes = {
				LastSwiftUpdateCheck = 1200;
				LastUpgradeCheck = 1200;
				TargetAttributes = {
					F8ADE5F0251FEDA800D95D83 = {
						CreatedOnToolsVersion = 12.0;
					};
					F8ADE606251FEDA900D95D83 = {
						CreatedOnToolsVersion = 12.0;
						TestTargetID = F8ADE5F0251FEDA800D95D83;
					};
					F8ADE611251FEDA900D95D83 = {
						CreatedOnToolsVersion = 12.0;
						TestTargetID = F8ADE5F0251FEDA800D95D83;
					};
				};
			};
			buildConfigurationList = F8ADE5EC251FEDA800D95D83 /* Build configuration list for PBXProject "To Do List" */;
			compatibilityVersion = "Xcode 9.3";
			developmentRegion = en;
			hasScannedForEncodings = 0;
			knownRegions = (
				en,
				Base,
			);
			mainGroup = F8ADE5E8251FEDA800D95D83;
			productRefGroup = F8ADE5F2251FEDA800D95D83 /* Products */;
			projectDirPath = "";
			projectRoot = "";
			targets = (
				F8ADE5F0251FEDA800D95D83 /* To Do List */,
				F8ADE606251FEDA900D95D83 /* To Do ListTests */,
				F8ADE611251FEDA900D95D83 /* To Do ListUITests */,
			);
		};
/* End PBXProject section */

/* Begin PBXResourcesBuildPhase section */
		F8ADE5EF251FEDA800D95D83 /* Resources */ = {
			isa = PBXResourcesBuildPhase;
			buildActionMask = 2147483647;
			files = (
				F8ADE601251FEDA900D95D83 /* LaunchScreen.storyboard in Resources */,
				F8ADE5FE251FEDA900D95D83 /* Assets.xcassets in Resources */,
				F8ADE5FC251FEDA800D95D83 /* Main.storyboard in Resources */,
			);
			runOnlyForDeploymentPostprocessing = 0;
		};
		F8ADE605251FEDA900D95D83 /* Resources */ = {
			isa = PBXResourcesBuildPhase;
			buildActionMask = 2147483647;
			files = (
			);
			runOnlyForDeploymentPostprocessing = 0;
		};
		F8ADE610251FEDA900D95D83 /* Resources */ = {
			isa = PBXResourcesBuildPhase;
			buildActionMask = 2147483647;
			files = (
			);
			runOnlyForDeploymentPostprocessing = 0;
		};
/* End PBXResourcesBuildPhase section */

/* Begin PBXSourcesBuildPhase section */
		F8ADE5ED251FEDA800D95D83 /* Sources */ = {
			isa = PBXSourcesBuildPhase;
			buildActionMask = 2147483647;
			files = (
				F8ADE5F9251FEDA800D95D83 /* ToDoListViewController.swift in Sources */,
				F8ADE5F5251FEDA800D95D83 /* AppDelegate.swift in Sources */,
				F831C75725214FC7007A398F /* ToDoDetailTableViewController.swift in Sources */,
				F8ADE5F7251FEDA800D95D83 /* SceneDelegate.swift in Sources */,
			);
			runOnlyForDeploymentPostprocessing = 0;
		};
		F8ADE603251FEDA900D95D83 /* Sources */ = {
			isa = PBXSourcesBuildPhase;
			buildActionMask = 2147483647;
			files = (
				F8ADE60C251FEDA900D95D83 /* To_Do_ListTests.swift in Sources */,
			);
			runOnlyForDeploymentPostprocessing = 0;
		};
		F8ADE60E251FEDA900D95D83 /* Sources */ = {
			isa = PBXSourcesBuildPhase;
			buildActionMask = 2147483647;
			files = (
				F8ADE617251FEDA900D95D83 /* To_Do_ListUITests.swift in Sources */,
			);
			runOnlyForDeploymentPostprocessing = 0;
		};
/* End PBXSourcesBuildPhase section */

/* Begin PBXTargetDependency section */
		F8ADE609251FEDA900D95D83 /* PBXTargetDependency */ = {
			isa = PBXTargetDependency;
			target = F8ADE5F0251FEDA800D95D83 /* To Do List */;
			targetProxy = F8ADE608251FEDA900D95D83 /* PBXContainerItemProxy */;
		};
		F8ADE614251FEDA900D95D83 /* PBXTargetDependency */ = {
			isa = PBXTargetDependency;
			target = F8ADE5F0251FEDA800D95D83 /* To Do List */;
			targetProxy = F8ADE613251FEDA900D95D83 /* PBXContainerItemProxy */;
		};
/* End PBXTargetDependency section */

/* Begin PBXVariantGroup section */
		F8ADE5FA251FEDA800D95D83 /* Main.storyboard */ = {
			isa = PBXVariantGroup;
			children = (
				F8ADE5FB251FEDA800D95D83 /* Base */,
			);
			name = Main.storyboard;
			sourceTree = "<group>";
		};
		F8ADE5FF251FEDA900D95D83 /* LaunchScreen.storyboard */ = {
			isa = PBXVariantGroup;
			children = (
				F8ADE600251FEDA900D95D83 /* Base */,
			);
			name = LaunchScreen.storyboard;
			sourceTree = "<group>";
		};
/* End PBXVariantGroup section */

/* Begin XCBuildConfiguration section */
		F8ADE619251FEDA900D95D83 /* Debug */ = {
			isa = XCBuildConfiguration;
			buildSettings = {
				ALWAYS_SEARCH_USER_PATHS = NO;
				CLANG_ANALYZER_NONNULL = YES;
				CLANG_ANALYZER_NUMBER_OBJECT_CONVERSION = YES_AGGRESSIVE;
				CLANG_CXX_LANGUAGE_STANDARD = "gnu++14";
				CLANG_CXX_LIBRARY = "libc++";
				CLANG_ENABLE_MODULES = YES;
				CLANG_ENABLE_OBJC_ARC = YES;
				CLANG_ENABLE_OBJC_WEAK = YES;
				CLANG_WARN_BLOCK_CAPTURE_AUTORELEASING = YES;
				CLANG_WARN_BOOL_CONVERSION = YES;
				CLANG_WARN_COMMA = YES;
				CLANG_WARN_CONSTANT_CONVERSION = YES;
				CLANG_WARN_DEPRECATED_OBJC_IMPLEMENTATIONS = YES;
				CLANG_WARN_DIRECT_OBJC_ISA_USAGE = YES_ERROR;
				CLANG_WARN_DOCUMENTATION_COMMENTS = YES;
				CLANG_WARN_EMPTY_BODY = YES;
				CLANG_WARN_ENUM_CONVERSION = YES;
				CLANG_WARN_INFINITE_RECURSION = YES;
				CLANG_WARN_INT_CONVERSION = YES;
				CLANG_WARN_NON_LITERAL_NULL_CONVERSION = YES;
				CLANG_WARN_OBJC_IMPLICIT_RETAIN_SELF = YES;
				CLANG_WARN_OBJC_LITERAL_CONVERSION = YES;
				CLANG_WARN_OBJC_ROOT_CLASS = YES_ERROR;
				CLANG_WARN_QUOTED_INCLUDE_IN_FRAMEWORK_HEADER = YES;
				CLANG_WARN_RANGE_LOOP_ANALYSIS = YES;
				CLANG_WARN_STRICT_PROTOTYPES = YES;
				CLANG_WARN_SUSPICIOUS_MOVE = YES;
				CLANG_WARN_UNGUARDED_AVAILABILITY = YES_AGGRESSIVE;
				CLANG_WARN_UNREACHABLE_CODE = YES;
				CLANG_WARN__DUPLICATE_METHOD_MATCH = YES;
				COPY_PHASE_STRIP = NO;
				DEBUG_INFORMATION_FORMAT = dwarf;
				ENABLE_STRICT_OBJC_MSGSEND = YES;
				ENABLE_TESTABILITY = YES;
				GCC_C_LANGUAGE_STANDARD = gnu11;
				GCC_DYNAMIC_NO_PIC = NO;
				GCC_NO_COMMON_BLOCKS = YES;
				GCC_OPTIMIZATION_LEVEL = 0;
				GCC_PREPROCESSOR_DEFINITIONS = (
					"DEBUG=1",
					"$(inherited)",
				);
				GCC_WARN_64_TO_32_BIT_CONVERSION = YES;
				GCC_WARN_ABOUT_RETURN_TYPE = YES_ERROR;
				GCC_WARN_UNDECLARED_SELECTOR = YES;
				GCC_WARN_UNINITIALIZED_AUTOS = YES_AGGRESSIVE;
				GCC_WARN_UNUSED_FUNCTION = YES;
				GCC_WARN_UNUSED_VARIABLE = YES;
				IPHONEOS_DEPLOYMENT_TARGET = 14.0;
				MTL_ENABLE_DEBUG_INFO = INCLUDE_SOURCE;
				MTL_FAST_MATH = YES;
				ONLY_ACTIVE_ARCH = YES;
				SDKROOT = iphoneos;
				SWIFT_ACTIVE_COMPILATION_CONDITIONS = DEBUG;
				SWIFT_OPTIMIZATION_LEVEL = "-Onone";
			};
			name = Debug;
		};
		F8ADE61A251FEDA900D95D83 /* Release */ = {
			isa = XCBuildConfiguration;
			buildSettings = {
				ALWAYS_SEARCH_USER_PATHS = NO;
				CLANG_ANALYZER_NONNULL = YES;
				CLANG_ANALYZER_NUMBER_OBJECT_CONVERSION = YES_AGGRESSIVE;
				CLANG_CXX_LANGUAGE_STANDARD = "gnu++14";
				CLANG_CXX_LIBRARY = "libc++";
				CLANG_ENABLE_MODULES = YES;
				CLANG_ENABLE_OBJC_ARC = YES;
				CLANG_ENABLE_OBJC_WEAK = YES;
				CLANG_WARN_BLOCK_CAPTURE_AUTORELEASING = YES;
				CLANG_WARN_BOOL_CONVERSION = YES;
				CLANG_WARN_COMMA = YES;
				CLANG_WARN_CONSTANT_CONVERSION = YES;
				CLANG_WARN_DEPRECATED_OBJC_IMPLEMENTATIONS = YES;
				CLANG_WARN_DIRECT_OBJC_ISA_USAGE = YES_ERROR;
				CLANG_WARN_DOCUMENTATION_COMMENTS = YES;
				CLANG_WARN_EMPTY_BODY = YES;
				CLANG_WARN_ENUM_CONVERSION = YES;
				CLANG_WARN_INFINITE_RECURSION = YES;
				CLANG_WARN_INT_CONVERSION = YES;
				CLANG_WARN_NON_LITERAL_NULL_CONVERSION = YES;
				CLANG_WARN_OBJC_IMPLICIT_RETAIN_SELF = YES;
				CLANG_WARN_OBJC_LITERAL_CONVERSION = YES;
				CLANG_WARN_OBJC_ROOT_CLASS = YES_ERROR;
				CLANG_WARN_QUOTED_INCLUDE_IN_FRAMEWORK_HEADER = YES;
				CLANG_WARN_RANGE_LOOP_ANALYSIS = YES;
				CLANG_WARN_STRICT_PROTOTYPES = YES;
				CLANG_WARN_SUSPICIOUS_MOVE = YES;
				CLANG_WARN_UNGUARDED_AVAILABILITY = YES_AGGRESSIVE;
				CLANG_WARN_UNREACHABLE_CODE = YES;
				CLANG_WARN__DUPLICATE_METHOD_MATCH = YES;
				COPY_PHASE_STRIP = NO;
				DEBUG_INFORMATION_FORMAT = "dwarf-with-dsym";
				ENABLE_NS_ASSERTIONS = NO;
				ENABLE_STRICT_OBJC_MSGSEND = YES;
				GCC_C_LANGUAGE_STANDARD = gnu11;
				GCC_NO_COMMON_BLOCKS = YES;
				GCC_WARN_64_TO_32_BIT_CONVERSION = YES;
				GCC_WARN_ABOUT_RETURN_TYPE = YES_ERROR;
				GCC_WARN_UNDECLARED_SELECTOR = YES;
				GCC_WARN_UNINITIALIZED_AUTOS = YES_AGGRESSIVE;
				GCC_WARN_UNUSED_FUNCTION = YES;
				GCC_WARN_UNUSED_VARIABLE = YES;
				IPHONEOS_DEPLOYMENT_TARGET = 14.0;
				MTL_ENABLE_DEBUG_INFO = NO;
				MTL_FAST_MATH = YES;
				SDKROOT = iphoneos;
				SWIFT_COMPILATION_MODE = wholemodule;
				SWIFT_OPTIMIZATION_LEVEL = "-O";
				VALIDATE_PRODUCT = YES;
			};
			name = Release;
		};
		F8ADE61C251FEDA900D95D83 /* Debug */ = {
			isa = XCBuildConfiguration;
			buildSettings = {
				ASSETCATALOG_COMPILER_APPICON_NAME = AppIcon;
				ASSETCATALOG_COMPILER_GLOBAL_ACCENT_COLOR_NAME = AccentColor;
				CODE_SIGN_STYLE = Automatic;
				DEVELOPMENT_TEAM = 63HRRA62ST;
				INFOPLIST_FILE = "To Do List/Info.plist";
				LD_RUNPATH_SEARCH_PATHS = (
					"$(inherited)",
					"@executable_path/Frameworks",
				);
				PRODUCT_BUNDLE_IDENTIFIER = "com.dantonio.To-Do-List";
				PRODUCT_NAME = "$(TARGET_NAME)";
				SWIFT_VERSION = 5.0;
				TARGETED_DEVICE_FAMILY = "1,2";
			};
			name = Debug;
		};
		F8ADE61D251FEDA900D95D83 /* Release */ = {
			isa = XCBuildConfiguration;
			buildSettings = {
				ASSETCATALOG_COMPILER_APPICON_NAME = AppIcon;
				ASSETCATALOG_COMPILER_GLOBAL_ACCENT_COLOR_NAME = AccentColor;
				CODE_SIGN_STYLE = Automatic;
				DEVELOPMENT_TEAM = 63HRRA62ST;
				INFOPLIST_FILE = "To Do List/Info.plist";
				LD_RUNPATH_SEARCH_PATHS = (
					"$(inherited)",
					"@executable_path/Frameworks",
				);
				PRODUCT_BUNDLE_IDENTIFIER = "com.dantonio.To-Do-List";
				PRODUCT_NAME = "$(TARGET_NAME)";
				SWIFT_VERSION = 5.0;
				TARGETED_DEVICE_FAMILY = "1,2";
			};
			name = Release;
		};
		F8ADE61F251FEDA900D95D83 /* Debug */ = {
			isa = XCBuildConfiguration;
			buildSettings = {
				ALWAYS_EMBED_SWIFT_STANDARD_LIBRARIES = YES;
				BUNDLE_LOADER = "$(TEST_HOST)";
				CODE_SIGN_STYLE = Automatic;
				DEVELOPMENT_TEAM = 63HRRA62ST;
				INFOPLIST_FILE = "To Do ListTests/Info.plist";
				IPHONEOS_DEPLOYMENT_TARGET = 14.0;
				LD_RUNPATH_SEARCH_PATHS = (
					"$(inherited)",
					"@executable_path/Frameworks",
					"@loader_path/Frameworks",
				);
				PRODUCT_BUNDLE_IDENTIFIER = "com.dantonio.To-Do-ListTests";
				PRODUCT_NAME = "$(TARGET_NAME)";
				SWIFT_VERSION = 5.0;
				TARGETED_DEVICE_FAMILY = "1,2";
				TEST_HOST = "$(BUILT_PRODUCTS_DIR)/To Do List.app/To Do List";
			};
			name = Debug;
		};
		F8ADE620251FEDA900D95D83 /* Release */ = {
			isa = XCBuildConfiguration;
			buildSettings = {
				ALWAYS_EMBED_SWIFT_STANDARD_LIBRARIES = YES;
				BUNDLE_LOADER = "$(TEST_HOST)";
				CODE_SIGN_STYLE = Automatic;
				DEVELOPMENT_TEAM = 63HRRA62ST;
				INFOPLIST_FILE = "To Do ListTests/Info.plist";
				IPHONEOS_DEPLOYMENT_TARGET = 14.0;
				LD_RUNPATH_SEARCH_PATHS = (
					"$(inherited)",
					"@executable_path/Frameworks",
					"@loader_path/Frameworks",
				);
				PRODUCT_BUNDLE_IDENTIFIER = "com.dantonio.To-Do-ListTests";
				PRODUCT_NAME = "$(TARGET_NAME)";
				SWIFT_VERSION = 5.0;
				TARGETED_DEVICE_FAMILY = "1,2";
				TEST_HOST = "$(BUILT_PRODUCTS_DIR)/To Do List.app/To Do List";
			};
			name = Release;
		};
		F8ADE622251FEDA900D95D83 /* Debug */ = {
			isa = XCBuildConfiguration;
			buildSettings = {
				ALWAYS_EMBED_SWIFT_STANDARD_LIBRARIES = YES;
				CODE_SIGN_STYLE = Automatic;
				DEVELOPMENT_TEAM = 63HRRA62ST;
				INFOPLIST_FILE = "To Do ListUITests/Info.plist";
				LD_RUNPATH_SEARCH_PATHS = (
					"$(inherited)",
					"@executable_path/Frameworks",
					"@loader_path/Frameworks",
				);
				PRODUCT_BUNDLE_IDENTIFIER = "com.dantonio.To-Do-ListUITests";
				PRODUCT_NAME = "$(TARGET_NAME)";
				SWIFT_VERSION = 5.0;
				TARGETED_DEVICE_FAMILY = "1,2";
				TEST_TARGET_NAME = "To Do List";
			};
			name = Debug;
		};
		F8ADE623251FEDA900D95D83 /* Release */ = {
			isa = XCBuildConfiguration;
			buildSettings = {
				ALWAYS_EMBED_SWIFT_STANDARD_LIBRARIES = YES;
				CODE_SIGN_STYLE = Automatic;
				DEVELOPMENT_TEAM = 63HRRA62ST;
				INFOPLIST_FILE = "To Do ListUITests/Info.plist";
				LD_RUNPATH_SEARCH_PATHS = (
					"$(inherited)",
					"@executable_path/Frameworks",
					"@loader_path/Frameworks",
				);
				PRODUCT_BUNDLE_IDENTIFIER = "com.dantonio.To-Do-ListUITests";
				PRODUCT_NAME = "$(TARGET_NAME)";
				SWIFT_VERSION = 5.0;
				TARGETED_DEVICE_FAMILY = "1,2";
				TEST_TARGET_NAME = "To Do List";
			};
			name = Release;
		};
/* End XCBuildConfiguration section */

/* Begin XCConfigurationList section */
		F8ADE5EC251FEDA800D95D83 /* Build configuration list for PBXProject "To Do List" */ = {
			isa = XCConfigurationList;
			buildConfigurations = (
				F8ADE619251FEDA900D95D83 /* Debug */,
				F8ADE61A251FEDA900D95D83 /* Release */,
			);
			defaultConfigurationIsVisible = 0;
			defaultConfigurationName = Release;
		};
		F8ADE61B251FEDA900D95D83 /* Build configuration list for PBXNativeTarget "To Do List" */ = {
			isa = XCConfigurationList;
			buildConfigurations = (
				F8ADE61C251FEDA900D95D83 /* Debug */,
				F8ADE61D251FEDA900D95D83 /* Release */,
			);
			defaultConfigurationIsVisible = 0;
			defaultConfigurationName = Release;
		};
		F8ADE61E251FEDA900D95D83 /* Build configuration list for PBXNativeTarget "To Do ListTests" */ = {
			isa = XCConfigurationList;
			buildConfigurations = (
				F8ADE61F251FEDA900D95D83 /* Debug */,
				F8ADE620251FEDA900D95D83 /* Release */,
			);
			defaultConfigurationIsVisible = 0;
			defaultConfigurationName = Release;
		};
		F8ADE621251FEDA900D95D83 /* Build configuration list for PBXNativeTarget "To Do ListUITests" */ = {
			isa = XCConfigurationList;
			buildConfigurations = (
				F8ADE622251FEDA900D95D83 /* Debug */,
				F8ADE623251FEDA900D95D83 /* Release */,
			);
			defaultConfigurationIsVisible = 0;
			defaultConfigurationName = Release;
		};
/* End XCConfigurationList section */
	};
	rootObject = F8ADE5E9251FEDA800D95D83 /* Project object */;
}
